{
  "nodes": {
    "algoooo": {
      "inputs": {
        "flake-parts": "flake-parts",
        "naersk": "naersk",
        "nixpkgs": [
          "nixpkgs"
        ],
        "rust-overlay": "rust-overlay"
      },
      "locked": {
        "lastModified": 1781720504,
        "narHash": "sha256-mS2h+AI2WUTBwhium0n1E9oNHeoNMiUlrbQ89a/J4xw=",
        "owner": "x-gkm",
        "repo": "algoooo",
        "rev": "f5dcbf992ef59b92c352b88f3d03a987b3953e5f",
        "type": "github"
      },
      "original": {
        "owner": "x-gkm",
        "repo": "algoooo",
        "type": "github"
      }
    },
    "crane": {
      "locked": {
        "lastModified": 1765145449,
        "narHash": "sha256-aBVHGWWRzSpfL++LubA0CwOOQ64WNLegrYHwsVuVN7A=",
        "owner": "ipetkov",
        "repo": "crane",
        "rev": "69f538cdce5955fcd47abfed4395dc6d5194c1c5",
        "type": "github"
      },
      "original": {
        "owner": "ipetkov",
        "repo": "crane",
        "type": "github"
      }
    },
    "den": {
      "locked": {
        "lastModified": 1780689157,
        "narHash": "sha256-BqM2ZCGjS91sOIjUTLGbMWyU/hy0uldHRgsZdcmT0FU=",
        "owner": "denful",
        "repo": "den",
        "rev": "6a309fa74a255b416cdee1e56f4bb1e0d44529c4",
        "type": "github"
      },
      "original": {
        "owner": "denful",
        "repo": "den",
        "type": "github"
      }
    },
    "fenix": {
      "inputs": {
        "nixpkgs": [
          "algoooo",
          "naersk",
          "nixpkgs"
        ],
        "rust-analyzer-src": "rust-analyzer-src"
      },
      "locked": {
        "lastModified": 1752475459,
        "narHash": "sha256-z6QEu4ZFuHiqdOPbYss4/Q8B0BFhacR8ts6jO/F/aOU=",
        "owner": "nix-community",
        "repo": "fenix",
        "rev": "bf0d6f70f4c9a9cf8845f992105652173f4b617f",
        "type": "github"
      },
      "original": {
        "owner": "nix-community",
        "repo": "fenix",
        "type": "github"
      }
    },
    "flake-compat": {
      "flake": false,
      "locked": {
        "lastModified": 1761588595,
        "narHash": "sha256-XKUZz9zewJNUj46b4AJdiRZJAvSZ0Dqj2BNfXvFlJC4=",
        "owner": "edolstra",
        "repo": "flake-compat",
        "rev": "f387cd2afec9419c8ee37694406ca490c3f34ee5",
        "type": "github"
      },
      "original": {
        "owner": "edolstra",
        "repo": "flake-compat",
        "type": "github"
      }
    },
    "flake-file": {
      "locked": {
        "lastModified": 1779051720,
        "narHash": "sha256-+jbXnODsR19pFKB0x/6kHhFgW6yV6N+CGClFr45eDU8=",
        "owner": "vic",
        "repo": "flake-file",
        "rev": "c58eb27d9434e5be0c8693f1eb18d47035bc21ba",
        "type": "github"
      },
      "original": {
        "owner": "vic",
        "repo": "flake-file",
        "type": "github"
      }
    },
    "flake-parts": {
      "inputs": {
        "nixpkgs-lib": [
          "algoooo",
          "nixpkgs"
        ]
      },
      "locked": {
        "lastModified": 1778716662,
        "narHash": "sha256-m1Yf0wZ8j1OHjTc2UwHwyQRSnNeSgLJOd7q5Y45hzi4=",
        "owner": "hercules-ci",
        "repo": "flake-parts",
        "rev": "f7c1a2d347e4c52d5fb8d10cb4d94b5884e546fb",
        "type": "github"
      },
      "original": {
        "owner": "hercules-ci",
        "repo": "flake-parts",
        "type": "github"
      }
    },
    "flake-parts_2": {
      "inputs": {
        "nixpkgs-lib": [
          "nixpkgs"
        ]
      },
      "locked": {
        "lastModified": 1778716662,
        "narHash": "sha256-m1Yf0wZ8j1OHjTc2UwHwyQRSnNeSgLJOd7q5Y45hzi4=",
        "owner": "hercules-ci",
        "repo": "flake-parts",
        "rev": "f7c1a2d347e4c52d5fb8d10cb4d94b5884e546fb",
        "type": "github"
      },
      "original": {
        "owner": "hercules-ci",
        "repo": "flake-parts",
        "type": "github"
      }
    },
    "flake-parts_3": {
      "inputs": {
        "nixpkgs-lib": [
          "nixvim",
          "nixpkgs"
        ]
      },
      "locked": {
        "lastModified": 1778716662,
        "narHash": "sha256-m1Yf0wZ8j1OHjTc2UwHwyQRSnNeSgLJOd7q5Y45hzi4=",
        "owner": "hercules-ci",
        "repo": "flake-parts",
        "rev": "f7c1a2d347e4c52d5fb8d10cb4d94b5884e546fb",
        "type": "github"
      },
      "original": {
        "owner": "hercules-ci",
        "repo": "flake-parts",
        "type": "github"
      }
    },
    "gitignore": {
      "inputs": {
        "nixpkgs": [
          "lanzaboote",
          "pre-commit",
          "nixpkgs"
        ]
      },
      "locked": {
        "lastModified": 1709087332,
        "narHash": "sha256-HG2cCnktfHsKV0s4XW83gU3F57gaTljL9KNSuG6bnQs=",
        "owner": "hercules-ci",
        "repo": "gitignore.nix",
        "rev": "637db329424fd7e46cf4185293b9cc8c88c95394",
        "type": "github"
      },
      "original": {
        "owner": "hercules-ci",
        "repo": "gitignore.nix",
        "type": "github"
      }
    },
    "home-manager": {
      "inputs": {
        "nixpkgs": [
          "nixpkgs"
        ]
      },
      "locked": {
        "lastModified": 1780679734,
        "narHash": "sha256-KmRNvpNOb7QEORa06bVgjW9kITcx0VhsI7w0vhmZyD8=",
        "owner": "nix-community",
        "repo": "home-manager",
        "rev": "b2b7db486e06e098711dc291bb25db82850e1d16",
        "type": "github"
      },
      "original": {
        "owner": "nix-community",
        "repo": "home-manager",
        "type": "github"
      }
    },
    "import-tree": {
      "locked": {
        "lastModified": 1778781969,
        "narHash": "sha256-Jjuz5CmSkur8KvLDoGa+vylEp+RkQtv4mt/qcMznpH0=",
        "owner": "vic",
        "repo": "import-tree",
        "rev": "d321337efd0f23a9eb14a42adb7b2c29313ab274",
        "type": "github"
      },
      "original": {
        "owner": "vic",
        "repo": "import-tree",
        "type": "github"
      }
    },
    "lanzaboote": {
      "inputs": {
        "crane": "crane",
        "nixpkgs": [
          "nixpkgs"
        ],
        "pre-commit": "pre-commit",
        "rust-overlay": "rust-overlay_2"
      },
      "locked": {
        "lastModified": 1765382359,
        "narHash": "sha256-RJmgVDzjRI18BWVogG6wpsl1UCuV6ui8qr4DJ1LfWZ8=",
        "owner": "nix-community",
        "repo": "lanzaboote",
        "rev": "e8c096ade12ec9130ff931b0f0e25d2f1bc63607",
        "type": "github"
      },
      "original": {
        "owner": "nix-community",
        "ref": "v1.0.0",
        "repo": "lanzaboote",
        "type": "github"
      }
    },
    "naersk": {
      "inputs": {
        "fenix": "fenix",
        "nixpkgs": [
          "algoooo",
          "nixpkgs"
        ]
      },
      "locked": {
        "lastModified": 1781258734,
        "narHash": "sha256-rfZT1gFztHDqA4gcFLO/Qv74bulhW/mXYqIHYTmc1lA=",
        "owner": "nix-community",
        "repo": "naersk",
        "rev": "3ddafa67a4c7d06483995c85c66a2d285b738833",
        "type": "github"
      },
      "original": {
        "owner": "nix-community",
        "repo": "naersk",
        "type": "github"
      }
    },
    "nixpkgs": {
      "locked": {
        "lastModified": 1780243769,
        "narHash": "sha256-x5UQuRsH3MqI0U9afaXSNqzTPSeZlRLvFAav2Ux1pNw=",
        "owner": "NixOS",
        "repo": "nixpkgs",
        "rev": "331800de5053fcebacf6813adb5db9c9dca22a0c",
        "type": "github"
      },
      "original": {
        "owner": "NixOS",
        "ref": "nixos-unstable",
        "repo": "nixpkgs",
        "type": "github"
      }
    },
    "nixvim": {
      "inputs": {
        "flake-parts": "flake-parts_3",
        "nixpkgs": [
          "nixpkgs"
        ],
        "systems": "systems"
      },
      "locked": {
        "lastModified": 1781034432,
        "narHash": "sha256-+UuS36un3lXLtKsGCYQnOn51hDhB+dZ1SHoHXClnV/0=",
        "owner": "nix-community",
        "repo": "nixvim",
        "rev": "e9fbbd56eab78751ba4c166c31a1667042528ced",
        "type": "github"
      },
      "original": {
        "owner": "nix-community",
        "repo": "nixvim",
        "type": "github"
      }
    },
    "pre-commit": {
      "inputs": {
        "flake-compat": "flake-compat",
        "gitignore": "gitignore",
        "nixpkgs": [
          "lanzaboote",
          "nixpkgs"
        ]
      },
      "locked": {
        "lastModified": 1765016596,
        "narHash": "sha256-rhSqPNxDVow7OQKi4qS5H8Au0P4S3AYbawBSmJNUtBQ=",
        "owner": "cachix",
        "repo": "pre-commit-hooks.nix",
        "rev": "548fc44fca28a5e81c5d6b846e555e6b9c2a5a3c",
        "type": "github"
      },
      "original": {
        "owner": "cachix",
        "repo": "pre-commit-hooks.nix",
        "type": "github"
      }
    },
    "root": {
      "inputs": {
        "algoooo": "algoooo",
        "den": "den",
        "flake-file": "flake-file",
        "flake-parts": "flake-parts_2",
        "home-manager": "home-manager",
        "import-tree": "import-tree",
        "lanzaboote": "lanzaboote",
        "nixpkgs": "nixpkgs",
        "nixvim": "nixvim",
        "sops-nix": "sops-nix"
      }
    },
    "rust-analyzer-src": {
      "flake": false,
      "locked": {
        "lastModified": 1752428706,
        "narHash": "sha256-EJcdxw3aXfP8Ex1Nm3s0awyH9egQvB2Gu+QEnJn2Sfg=",
        "owner": "rust-lang",
        "repo": "rust-analyzer",
        "rev": "591e3b7624be97e4443ea7b5542c191311aa141d",
        "type": "github"
      },
      "original": {
        "owner": "rust-lang",
        "ref": "nightly",
        "repo": "rust-analyzer",
        "type": "github"
      }
    },
    "rust-overlay": {
      "inputs": {
        "nixpkgs": [
          "algoooo",
          "nixpkgs"
        ]
      },
      "locked": {
        "lastModified": 1781061510,
        "narHash": "sha256-tVuGHgt/TsWu1rUAqEL+eWRIJJHtiPE2+yQ63b+/WTU=",
        "owner": "oxalica",
        "repo": "rust-overlay",
        "rev": "d286e9691bb03045febbf8304a658eab1487d1b5",
        "type": "github"
      },
      "original": {
        "owner": "oxalica",
        "repo": "rust-overlay",
        "type": "github"
      }
    },
    "rust-overlay_2": {
      "inputs": {
        "nixpkgs": [
          "lanzaboote",
          "nixpkgs"
        ]
      },
      "locked": {
        "lastModified": 1765075567,
        "narHash": "sha256-KFDCdQcHJ0hE3Nt5Gm5enRIhmtEifAjpxgUQ3mzSJpA=",
        "owner": "oxalica",
        "repo": "rust-overlay",
        "rev": "769156779b41e8787a46ca3d7d76443aaf68be6f",
        "type": "github"
      },
      "original": {
        "owner": "oxalica",
        "repo": "rust-overlay",
        "type": "github"
      }
    },
    "sops-nix": {
      "inputs": {
        "nixpkgs": [
          "nixpkgs"
        ]
      },
      "locked": {
        "lastModified": 1780547341,
        "narHash": "sha256-Gq8KNx5A7hBB3uGJaj6eQfLDIz5YdLu92gqBcvHvoUo=",
        "owner": "Mic92",
        "repo": "sops-nix",
        "rev": "9ed65852b6257fbeae4355bc24ecfea307ca759a",
        "type": "github"
      },
      "original": {
        "owner": "Mic92",
        "repo": "sops-nix",
        "type": "github"
      }
    },
    "systems": {
      "locked": {
        "lastModified": 1774449309,
        "narHash": "sha256-brhZ8DmuGtzkCYHJg4HEd602amKm89Y9ytsFZ5uWD1w=",
        "owner": "nix-systems",
        "repo": "default",
        "rev": "c29398b59d2048c4ab79345812849c9bd15e9150",
        "type": "github"
      },
      "original": {
        "owner": "nix-systems",
        "ref": "future-26.11",
        "repo": "default",
        "type": "github"
      }
    }
  },
  "root": "root",
  "version": 7
}
